// !$*UTF8*$!
{
	archiveVersion = 1;
	classes = {
	};
	objectVersion = 56;
	objects = {

/* Begin PBXBuildFile section */
		242A59002C1ACDA900A5C2D2 /* WebViewController.swift in Sources */ = {isa = PBXBuildFile; fileRef = 242A58FF2C1ACDA900A5C2D2 /* WebViewController.swift */; };
		242A59032C1ACF1600A5C2D2 /* ImageViewExtension.swift in Sources */ = {isa = PBXBuildFile; fileRef = 242A59022C1ACF1600A5C2D2 /* ImageViewExtension.swift */; };
		24EE84722C1AC3FA00EBA54E /* AppDelegate.swift in Sources */ = {isa = PBXBuildFile; fileRef = 24EE84712C1AC3FA00EBA54E /* AppDelegate.swift */; };
		24EE84742C1AC3FA00EBA54E /* SceneDelegate.swift in Sources */ = {isa = PBXBuildFile; fileRef = 24EE84732C1AC3FA00EBA54E /* SceneDelegate.swift */; };
		24EE84762C1AC3FA00EBA54E /* ViewController.swift in Sources */ = {isa = PBXBuildFile; fileRef = 24EE84752C1AC3FA00EBA54E /* ViewController.swift */; };
		24EE84792C1AC3FA00EBA54E /* Main.storyboard in Resources */ = {isa = PBXBuildFile; fileRef = 24EE84772C1AC3FA00EBA54E /* Main.storyboard */; };
		24EE847C2C1AC3FA00EBA54E /* techmintAssignment.xcdatamodeld in Sources */ = {isa = PBXBuildFile; fileRef = 24EE847A2C1AC3FA00EBA54E /* techmintAssignment.xcdatamodeld */; };
		24EE847E2C1AC43600EBA54E /* Assets.xcassets in Resources */ = {isa = PBXBuildFile; fileRef = 24EE847D2C1AC43600EBA54E /* Assets.xcassets */; };
		24EE84812C1AC43600EBA54E /* LaunchScreen.storyboard in Resources */ = {isa = PBXBuildFile; fileRef = 24EE847F2C1AC43600EBA54E /* LaunchScreen.storyboard */; };
		24EE848A2C1AC7FD00EBA54E /* Repository.swift in Sources */ = {isa = PBXBuildFile; fileRef = 24EE84892C1AC7FD00EBA54E /* Repository.swift */; };
		24EE848D2C1AC83700EBA54E /* RepoModel.swift in Sources */ = {isa = PBXBuildFile; fileRef = 24EE848C2C1AC83700EBA54E /* RepoModel.swift */; };
		24EE848F2C1AC84D00EBA54E /* ContributorModel.swift in Sources */ = {isa = PBXBuildFile; fileRef = 24EE848E2C1AC84D00EBA54E /* ContributorModel.swift */; };
		24EE84942C1AC9B000EBA54E /* RepoDetailsViewController.swift in Sources */ = {isa = PBXBuildFile; fileRef = 24EE84932C1AC9B000EBA54E /* RepoDetailsViewController.swift */; };
/* End PBXBuildFile section */

/* Begin PBXFileReference section */
		242A58FF2C1ACDA900A5C2D2 /* WebViewController.swift */ = {isa = PBXFileReference; lastKnownFileType = sourcecode.swift; path = WebViewController.swift; sourceTree = "<group>"; };
		242A59022C1ACF1600A5C2D2 /* ImageViewExtension.swift */ = {isa = PBXFileReference; lastKnownFileType = sourcecode.swift; path = ImageViewExtension.swift; sourceTree = "<group>"; };
		24EE846E2C1AC3FA00EBA54E /* techmintAssignment.app */ = {isa = PBXFileReference; explicitFileType = wrapper.application; includeInIndex = 0; path = techmintAssignment.app; sourceTree = BUILT_PRODUCTS_DIR; };
		24EE84712C1AC3FA00EBA54E /* AppDelegate.swift */ = {isa = PBXFileReference; lastKnownFileType = sourcecode.swift; path = AppDelegate.swift; sourceTree = "<group>"; };
		24EE84732C1AC3FA00EBA54E /* SceneDelegate.swift */ = {isa = PBXFileReference; lastKnownFileType = sourcecode.swift; path = SceneDelegate.swift; sourceTree = "<group>"; };
		24EE84752C1AC3FA00EBA54E /* ViewController.swift */ = {isa = PBXFileReference; lastKnownFileType = sourcecode.swift; path = ViewController.swift; sourceTree = "<group>"; };
		24EE84782C1AC3FA00EBA54E /* Base */ = {isa = PBXFileReference; lastKnownFileType = file.storyboard; name = Base; path = Base.lproj/Main.storyboard; sourceTree = "<group>"; };
		24EE847B2C1AC3FA00EBA54E /* techmintAssignment.xcdatamodel */ = {isa = PBXFileReference; lastKnownFileType = wrapper.xcdatamodel; path = techmintAssignment.xcdatamodel; sourceTree = "<group>"; };
		24EE847D2C1AC43600EBA54E /* Assets.xcassets */ = {isa = PBXFileReference; lastKnownFileType = folder.assetcatalog; path = Assets.xcassets; sourceTree = "<group>"; };
		24EE84802C1AC43600EBA54E /* Base */ = {isa = PBXFileReference; lastKnownFileType = file.storyboard; name = Base; path = Base.lproj/LaunchScreen.storyboard; sourceTree = "<group>"; };
		24EE84822C1AC43700EBA54E /* Info.plist */ = {isa = PBXFileReference; lastKnownFileType = text.plist.xml; path = Info.plist; sourceTree = "<group>"; };
		24EE84892C1AC7FD00EBA54E /* Repository.swift */ = {isa = PBXFileReference; lastKnownFileType = sourcecode.swift; path = Repository.swift; sourceTree = "<group>"; };
		24EE848C2C1AC83700EBA54E /* RepoModel.swift */ = {isa = PBXFileReference; lastKnownFileType = sourcecode.swift; path = RepoModel.swift; sourceTree = "<group>"; };
		24EE848E2C1AC84D00EBA54E /* ContributorModel.swift */ = {isa = PBXFileReference; lastKnownFileType = sourcecode.swift; path = ContributorModel.swift; sourceTree = "<group>"; };
		24EE84932C1AC9B000EBA54E /* RepoDetailsViewController.swift */ = {isa = PBXFileReference; lastKnownFileType = sourcecode.swift; path = RepoDetailsViewController.swift; sourceTree = "<group>"; };
/* End PBXFileReference section */

/* Begin PBXFrameworksBuildPhase section */
		24EE846B2C1AC3F900EBA54E /* Frameworks */ = {
			isa = PBXFrameworksBuildPhase;
			buildActionMask = 2147483647;
			files = (
			);
			runOnlyForDeploymentPostprocessing = 0;
		};
/* End PBXFrameworksBuildPhase section */

/* Begin PBXGroup section */
		242A59012C1ACEF400A5C2D2 /* Extension */ = {
			isa = PBXGroup;
			children = (
				242A59022C1ACF1600A5C2D2 /* ImageViewExtension.swift */,
			);
			path = Extension;
			sourceTree = "<group>";
		};
		24EE84652C1AC3F900EBA54E = {
			isa = PBXGroup;
			children = (
				24EE84702C1AC3FA00EBA54E /* techmintAssignment */,
				24EE846F2C1AC3FA00EBA54E /* Products */,
			);
			sourceTree = "<group>";
		};
		24EE846F2C1AC3FA00EBA54E /* Products */ = {
			isa = PBXGroup;
			children = (
				24EE846E2C1AC3FA00EBA54E /* techmintAssignment.app */,
			);
			name = Products;
			sourceTree = "<group>";
		};
		24EE84702C1AC3FA00EBA54E /* techmintAssignment */ = {
			isa = PBXGroup;
			children = (
				242A59012C1ACEF400A5C2D2 /* Extension */,
				24EE848B2C1AC81900EBA54E /* Model */,
				24EE84882C1AC7D400EBA54E /* ViewModel */,
				24EE84912C1AC8AF00EBA54E /* Delegate */,
				24EE84902C1AC89100EBA54E /* View */,
				24EE84922C1AC8C400EBA54E /* Resources */,
				24EE84822C1AC43700EBA54E /* Info.plist */,
				24EE847F2C1AC43600EBA54E /* LaunchScreen.storyboard */,
				24EE847A2C1AC3FA00EBA54E /* techmintAssignment.xcdatamodeld */,
			);
			path = techmintAssignment;
			sourceTree = "<group>";
		};
		24EE84882C1AC7D400EBA54E /* ViewModel */ = {
			isa = PBXGroup;
			children = (
				24EE84892C1AC7FD00EBA54E /* Repository.swift */,
			);
			path = ViewModel;
			sourceTree = "<group>";
		};
		24EE848B2C1AC81900EBA54E /* Model */ = {
			isa = PBXGroup;
			children = (
				24EE848C2C1AC83700EBA54E /* RepoModel.swift */,
				24EE848E2C1AC84D00EBA54E /* ContributorModel.swift */,
			);
			path = Model;
			sourceTree = "<group>";
		};
		24EE84902C1AC89100EBA54E /* View */ = {
			isa = PBXGroup;
			children = (
				24EE84752C1AC3FA00EBA54E /* ViewController.swift */,
				24EE84932C1AC9B000EBA54E /* RepoDetailsViewController.swift */,
				24EE84772C1AC3FA00EBA54E /* Main.storyboard */,
				242A58FF2C1ACDA900A5C2D2 /* WebViewController.swift */,
			);
			path = View;
			sourceTree = "<group>";
		};
		24EE84912C1AC8AF00EBA54E /* Delegate */ = {
			isa = PBXGroup;
			children = (
				24EE84712C1AC3FA00EBA54E /* AppDelegate.swift */,
				24EE84732C1AC3FA00EBA54E /* SceneDelegate.swift */,
			);
			path = Delegate;
			sourceTree = "<group>";
		};
		24EE84922C1AC8C400EBA54E /* Resources */ = {
			isa = PBXGroup;
			children = (
				24EE847D2C1AC43600EBA54E /* Assets.xcassets */,
			);
			path = Resources;
			sourceTree = "<group>";
		};
/* End PBXGroup section */

/* Begin PBXNativeTarget section */
		24EE846D2C1AC3F900EBA54E /* techmintAssignment */ = {
			isa = PBXNativeTarget;
			buildConfigurationList = 24EE84852C1AC43700EBA54E /* Build configuration list for PBXNativeTarget "techmintAssignment" */;
			buildPhases = (
				24EE846A2C1AC3F900EBA54E /* Sources */,
				24EE846B2C1AC3F900EBA54E /* Frameworks */,
				24EE846C2C1AC3F900EBA54E /* Resources */,
			);
			buildRules = (
			);
			dependencies = (
			);
			name = techmintAssignment;
			productName = techmintAssignment;
			productReference = 24EE846E2C1AC3FA00EBA54E /* techmintAssignment.app */;
			productType = "com.apple.product-type.application";
		};
/* End PBXNativeTarget section */

/* Begin PBXProject section */
		24EE84662C1AC3F900EBA54E /* Project object */ = {
			isa = PBXProject;
			attributes = {
				BuildIndependentTargetsInParallel = 1;
				LastSwiftUpdateCheck = 1410;
				LastUpgradeCheck = 1410;
				TargetAttributes = {
					24EE846D2C1AC3F900EBA54E = {
						CreatedOnToolsVersion = 14.1;
					};
				};
			};
			buildConfigurationList = 24EE84692C1AC3F900EBA54E /* Build configuration list for PBXProject "techmintAssignment" */;
			compatibilityVersion = "Xcode 14.0";
			developmentRegion = en;
			hasScannedForEncodings = 0;
			knownRegions = (
				en,
				Base,
			);
			mainGroup = 24EE84652C1AC3F900EBA54E;
			productRefGroup = 24EE846F2C1AC3FA00EBA54E /* Products */;
			projectDirPath = "";
			projectRoot = "";
			targets = (
				24EE846D2C1AC3F900EBA54E /* techmintAssignment */,
			);
		};
/* End PBXProject section */

/* Begin PBXResourcesBuildPhase section */
		24EE846C2C1AC3F900EBA54E /* Resources */ = {
			isa = PBXResourcesBuildPhase;
			buildActionMask = 2147483647;
			files = (
				24EE84812C1AC43600EBA54E /* LaunchScreen.storyboard in Resources */,
				24EE847E2C1AC43600EBA54E /* Assets.xcassets in Resources */,
				24EE84792C1AC3FA00EBA54E /* Main.storyboard in Resources */,
			);
			runOnlyForDeploymentPostprocessing = 0;
		};
/* End PBXResourcesBuildPhase section */

/* Begin PBXSourcesBuildPhase section */
		24EE846A2C1AC3F900EBA54E /* Sources */ = {
			isa = PBXSourcesBuildPhase;
			buildActionMask = 2147483647;
			files = (
				24EE847C2C1AC3FA00EBA54E /* techmintAssignment.xcdatamodeld in Sources */,
				242A59002C1ACDA900A5C2D2 /* WebViewController.swift in Sources */,
				242A59032C1ACF1600A5C2D2 /* ImageViewExtension.swift in Sources */,
				24EE84762C1AC3FA00EBA54E /* ViewController.swift in Sources */,
				24EE848F2C1AC84D00EBA54E /* ContributorModel.swift in Sources */,
				24EE848A2C1AC7FD00EBA54E /* Repository.swift in Sources */,
				24EE84722C1AC3FA00EBA54E /* AppDelegate.swift in Sources */,
				24EE84942C1AC9B000EBA54E /* RepoDetailsViewController.swift in Sources */,
				24EE84742C1AC3FA00EBA54E /* SceneDelegate.swift in Sources */,
				24EE848D2C1AC83700EBA54E /* RepoModel.swift in Sources */,
			);
			runOnlyForDeploymentPostprocessing = 0;
		};
/* End PBXSourcesBuildPhase section */

/* Begin PBXVariantGroup section */
		24EE84772C1AC3FA00EBA54E /* Main.storyboard */ = {
			isa = PBXVariantGroup;
			children = (
				24EE84782C1AC3FA00EBA54E /* Base */,
			);
			name = Main.storyboard;
			sourceTree = "<group>";
		};
		24EE847F2C1AC43600EBA54E /* LaunchScreen.storyboard */ = {
			isa = PBXVariantGroup;
			children = (
				24EE84802C1AC43600EBA54E /* Base */,
			);
			name = LaunchScreen.storyboard;
			sourceTree = "<group>";
		};
/* End PBXVariantGroup section */

/* Begin XCBuildConfiguration section */
		24EE84832C1AC43700EBA54E /* Debug */ = {
			isa = XCBuildConfiguration;
			buildSettings = {
				ALWAYS_SEARCH_USER_PATHS = NO;
				CLANG_ANALYZER_NONNULL = YES;
				CLANG_ANALYZER_NUMBER_OBJECT_CONVERSION = YES_AGGRESSIVE;
				CLANG_CXX_LANGUAGE_STANDARD = "gnu++20";
				CLANG_ENABLE_MODULES = YES;
				CLANG_ENABLE_OBJC_ARC = YES;
				CLANG_ENABLE_OBJC_WEAK = YES;
				CLANG_WARN_BLOCK_CAPTURE_AUTORELEASING = YES;
				CLANG_WARN_BOOL_CONVERSION = YES;
				CLANG_WARN_COMMA = YES;
				CLANG_WARN_CONSTANT_CONVERSION = YES;
				CLANG_WARN_DEPRECATED_OBJC_IMPLEMENTATIONS = YES;
				CLANG_WARN_DIRECT_OBJC_ISA_USAGE = YES_ERROR;
				CLANG_WARN_DOCUMENTATION_COMMENTS = YES;
				CLANG_WARN_EMPTY_BODY = YES;
				CLANG_WARN_ENUM_CONVERSION = YES;
				CLANG_WARN_INFINITE_RECURSION = YES;
				CLANG_WARN_INT_CONVERSION = YES;
				CLANG_WARN_NON_LITERAL_NULL_CONVERSION = YES;
				CLANG_WARN_OBJC_IMPLICIT_RETAIN_SELF = YES;
				CLANG_WARN_OBJC_LITERAL_CONVERSION = YES;
				CLANG_WARN_OBJC_ROOT_CLASS = YES_ERROR;
				CLANG_WARN_QUOTED_INCLUDE_IN_FRAMEWORK_HEADER = YES;
				CLANG_WARN_RANGE_LOOP_ANALYSIS = YES;
				CLANG_WARN_STRICT_PROTOTYPES = YES;
				CLANG_WARN_SUSPICIOUS_MOVE = YES;
				CLANG_WARN_UNGUARDED_AVAILABILITY = YES_AGGRESSIVE;
				CLANG_WARN_UNREACHABLE_CODE = YES;
				CLANG_WARN__DUPLICATE_METHOD_MATCH = YES;
				COPY_PHASE_STRIP = NO;
				DEBUG_INFORMATION_FORMAT = dwarf;
				ENABLE_STRICT_OBJC_MSGSEND = YES;
				ENABLE_TESTABILITY = YES;
				GCC_C_LANGUAGE_STANDARD = gnu11;
				GCC_DYNAMIC_NO_PIC = NO;
				GCC_NO_COMMON_BLOCKS = YES;
				GCC_OPTIMIZATION_LEVEL = 0;
				GCC_PREPROCESSOR_DEFINITIONS = (
					"DEBUG=1",
					"$(inherited)",
				);
				GCC_WARN_64_TO_32_BIT_CONVERSION = YES;
				GCC_WARN_ABOUT_RETURN_TYPE = YES_ERROR;
				GCC_WARN_UNDECLARED_SELECTOR = YES;
				GCC_WARN_UNINITIALIZED_AUTOS = YES_AGGRESSIVE;
				GCC_WARN_UNUSED_FUNCTION = YES;
				GCC_WARN_UNUSED_VARIABLE = YES;
				IPHONEOS_DEPLOYMENT_TARGET = 16.1;
				MTL_ENABLE_DEBUG_INFO = INCLUDE_SOURCE;
				MTL_FAST_MATH = YES;
				ONLY_ACTIVE_ARCH = YES;
				SDKROOT = iphoneos;
				SWIFT_ACTIVE_COMPILATION_CONDITIONS = DEBUG;
				SWIFT_OPTIMIZATION_LEVEL = "-Onone";
			};
			name = Debug;
		};
		24EE84842C1AC43700EBA54E /* Release */ = {
			isa = XCBuildConfiguration;
			buildSettings = {
				ALWAYS_SEARCH_USER_PATHS = NO;
				CLANG_ANALYZER_NONNULL = YES;
				CLANG_ANALYZER_NUMBER_OBJECT_CONVERSION = YES_AGGRESSIVE;
				CLANG_CXX_LANGUAGE_STANDARD = "gnu++20";
				CLANG_ENABLE_MODULES = YES;
				CLANG_ENABLE_OBJC_ARC = YES;
				CLANG_ENABLE_OBJC_WEAK = YES;
				CLANG_WARN_BLOCK_CAPTURE_AUTORELEASING = YES;
				CLANG_WARN_BOOL_CONVERSION = YES;
				CLANG_WARN_COMMA = YES;
				CLANG_WARN_CONSTANT_CONVERSION = YES;
				CLANG_WARN_DEPRECATED_OBJC_IMPLEMENTATIONS = YES;
				CLANG_WARN_DIRECT_OBJC_ISA_USAGE = YES_ERROR;
				CLANG_WARN_DOCUMENTATION_COMMENTS = YES;
				CLANG_WARN_EMPTY_BODY = YES;
				CLANG_WARN_ENUM_CONVERSION = YES;
				CLANG_WARN_INFINITE_RECURSION = YES;
				CLANG_WARN_INT_CONVERSION = YES;
				CLANG_WARN_NON_LITERAL_NULL_CONVERSION = YES;
				CLANG_WARN_OBJC_IMPLICIT_RETAIN_SELF = YES;
				CLANG_WARN_OBJC_LITERAL_CONVERSION = YES;
				CLANG_WARN_OBJC_ROOT_CLASS = YES_ERROR;
				CLANG_WARN_QUOTED_INCLUDE_IN_FRAMEWORK_HEADER = YES;
				CLANG_WARN_RANGE_LOOP_ANALYSIS = YES;
				CLANG_WARN_STRICT_PROTOTYPES = YES;
				CLANG_WARN_SUSPICIOUS_MOVE = YES;
				CLANG_WARN_UNGUARDED_AVAILABILITY = YES_AGGRESSIVE;
				CLANG_WARN_UNREACHABLE_CODE = YES;
				CLANG_WARN__DUPLICATE_METHOD_MATCH = YES;
				COPY_PHASE_STRIP = NO;
				DEBUG_INFORMATION_FORMAT = "dwarf-with-dsym";
				ENABLE_NS_ASSERTIONS = NO;
				ENABLE_STRICT_OBJC_MSGSEND = YES;
				GCC_C_LANGUAGE_STANDARD = gnu11;
				GCC_NO_COMMON_BLOCKS = YES;
				GCC_WARN_64_TO_32_BIT_CONVERSION = YES;
				GCC_WARN_ABOUT_RETURN_TYPE = YES_ERROR;
				GCC_WARN_UNDECLARED_SELECTOR = YES;
				GCC_WARN_UNINITIALIZED_AUTOS = YES_AGGRESSIVE;
				GCC_WARN_UNUSED_FUNCTION = YES;
				GCC_WARN_UNUSED_VARIABLE = YES;
				IPHONEOS_DEPLOYMENT_TARGET = 16.1;
				MTL_ENABLE_DEBUG_INFO = NO;
				MTL_FAST_MATH = YES;
				SDKROOT = iphoneos;
				SWIFT_COMPILATION_MODE = wholemodule;
				SWIFT_OPTIMIZATION_LEVEL = "-O";
				VALIDATE_PRODUCT = YES;
			};
			name = Release;
		};
		24EE84862C1AC43700EBA54E /* Debug */ = {
			isa = XCBuildConfiguration;
			buildSettings = {
				ASSETCATALOG_COMPILER_APPICON_NAME = AppIcon;
				ASSETCATALOG_COMPILER_GLOBAL_ACCENT_COLOR_NAME = AccentColor;
				CODE_SIGN_STYLE = Automatic;
				CURRENT_PROJECT_VERSION = 1;
				DEVELOPMENT_TEAM = 2C4J7W72XD;
				GENERATE_INFOPLIST_FILE = YES;
				INFOPLIST_FILE = techmintAssignment/Info.plist;
				INFOPLIST_KEY_UIApplicationSupportsIndirectInputEvents = YES;
				INFOPLIST_KEY_UILaunchStoryboardName = LaunchScreen;
				INFOPLIST_KEY_UIMainStoryboardFile = Main;
				INFOPLIST_KEY_UISupportedInterfaceOrientations_iPad = "UIInterfaceOrientationPortrait UIInterfaceOrientationPortraitUpsideDown UIInterfaceOrientationLandscapeLeft UIInterfaceOrientationLandscapeRight";
				INFOPLIST_KEY_UISupportedInterfaceOrientations_iPhone = "UIInterfaceOrientationPortrait UIInterfaceOrientationLandscapeLeft UIInterfaceOrientationLandscapeRight";
				IPHONEOS_DEPLOYMENT_TARGET = 12.4;
				LD_RUNPATH_SEARCH_PATHS = (
					"$(inherited)",
					"@executable_path/Frameworks",
				);
				MARKETING_VERSION = 1.0;
				PRODUCT_BUNDLE_IDENTIFIER = zmq.techmintAssignment;
				PRODUCT_NAME = "$(TARGET_NAME)";
				SWIFT_EMIT_LOC_STRINGS = YES;
				SWIFT_VERSION = 5.0;
				TARGETED_DEVICE_FAMILY = "1,2";
			};
			name = Debug;
		};
		24EE84872C1AC43700EBA54E /* Release */ = {
			isa = XCBuildConfiguration;
			buildSettings = {
				ASSETCATALOG_COMPILER_APPICON_NAME = AppIcon;
				ASSETCATALOG_COMPILER_GLOBAL_ACCENT_COLOR_NAME = AccentColor;
				CODE_SIGN_STYLE = Automatic;
				CURRENT_PROJECT_VERSION = 1;
				DEVELOPMENT_TEAM = 2C4J7W72XD;
				GENERATE_INFOPLIST_FILE = YES;
				INFOPLIST_FILE = techmintAssignment/Info.plist;
				INFOPLIST_KEY_UIApplicationSupportsIndirectInputEvents = YES;
				INFOPLIST_KEY_UILaunchStoryboardName = LaunchScreen;
				INFOPLIST_KEY_UIMainStoryboardFile = Main;
				INFOPLIST_KEY_UISupportedInterfaceOrientations_iPad = "UIInterfaceOrientationPortrait UIInterfaceOrientationPortraitUpsideDown UIInterfaceOrientationLandscapeLeft UIInterfaceOrientationLandscapeRight";
				INFOPLIST_KEY_UISupportedInterfaceOrientations_iPhone = "UIInterfaceOrientationPortrait UIInterfaceOrientationLandscapeLeft UIInterfaceOrientationLandscapeRight";
				IPHONEOS_DEPLOYMENT_TARGET = 12.4;
				LD_RUNPATH_SEARCH_PATHS = (
					"$(inherited)",
					"@executable_path/Frameworks",
				);
				MARKETING_VERSION = 1.0;
				PRODUCT_BUNDLE_IDENTIFIER = zmq.techmintAssignment;
				PRODUCT_NAME = "$(TARGET_NAME)";
				SWIFT_EMIT_LOC_STRINGS = YES;
				SWIFT_VERSION = 5.0;
				TARGETED_DEVICE_FAMILY = "1,2";
			};
			name = Release;
		};
/* End XCBuildConfiguration section */

/* Begin XCConfigurationList section */
		24EE84692C1AC3F900EBA54E /* Build configuration list for PBXProject "techmintAssignment" */ = {
			isa = XCConfigurationList;
			buildConfigurations = (
				24EE84832C1AC43700EBA54E /* Debug */,
				24EE84842C1AC43700EBA54E /* Release */,
			);
			defaultConfigurationIsVisible = 0;
			defaultConfigurationName = Release;
		};
		24EE84852C1AC43700EBA54E /* Build configuration list for PBXNativeTarget "techmintAssignment" */ = {
			isa = XCConfigurationList;
			buildConfigurations = (
				24EE84862C1AC43700EBA54E /* Debug */,
				24EE84872C1AC43700EBA54E /* Release */,
			);
			defaultConfigurationIsVisible = 0;
			defaultConfigurationName = Release;
		};
/* End XCConfigurationList section */

/* Begin XCVersionGroup section */
		24EE847A2C1AC3FA00EBA54E /* techmintAssignment.xcdatamodeld */ = {
			isa = XCVersionGroup;
			children = (
				24EE847B2C1AC3FA00EBA54E /* techmintAssignment.xcdatamodel */,
			);
			currentVersion = 24EE847B2C1AC3FA00EBA54E /* techmintAssignment.xcdatamodel */;
			path = techmintAssignment.xcdatamodeld;
			sourceTree = "<group>";
			versionGroupType = wrapper.xcdatamodel;
		};
/* End XCVersionGroup section */
	};
	rootObject = 24EE84662C1AC3F900EBA54E /* Project object */;
}
